{
  "name": "rent-it-new",
  "lockfileVersion": 2,
  "requires": true,
  "packages": {
    "node_modules/@types/eslint": {
      "extraneous": true
    },
    "node_modules/@types/eslint-scope": {
      "extraneous": true
    },
    "node_modules/@types/estree": {
      "extraneous": true
    },
    "node_modules/@types/json-schema": {
      "extraneous": true
    },
    "node_modules/@types/node": {
      "extraneous": true
    },
    "node_modules/@webassemblyjs/ast": {
      "version": "1.9.0",
      "extraneous": true,
      "license": "MIT",
      "dependencies": {
        "@webassemblyjs/helper-module-context": "1.9.0",
        "@webassemblyjs/helper-wasm-bytecode": "1.9.0",
        "@webassemblyjs/wast-parser": "1.9.0"
      }
    },
    "node_modules/@webassemblyjs/floating-point-hex-parser": {
      "version": "1.9.0",
      "extraneous": true,
      "license": "MIT"
    },
    "node_modules/@webassemblyjs/helper-api-error": {
      "version": "1.9.0",
      "extraneous": true,
      "license": "MIT"
    },
    "node_modules/@webassemblyjs/helper-buffer": {
      "version": "1.9.0",
      "extraneous": true,
      "license": "MIT"
    },
    "node_modules/@webassemblyjs/helper-code-frame": {
      "version": "1.9.0",
      "extraneous": true,
      "license": "MIT",
      "dependencies": {
        "@webassemblyjs/wast-printer": "1.9.0"
      }
    },
    "node_modules/@webassemblyjs/helper-fsm": {
      "version": "1.9.0",
      "extraneous": true,
      "license": "ISC"
    },
    "node_modules/@webassemblyjs/helper-module-context": {
      "version": "1.9.0",
      "extraneous": true,
      "license": "MIT",
      "dependencies": {
        "@webassemblyjs/ast": "1.9.0"
      }
    },
    "node_modules/@webassemblyjs/helper-wasm-bytecode": {
      "version": "1.9.0",
      "extraneous": true,
      "license": "MIT"
    },
    "node_modules/@webassemblyjs/helper-wasm-section": {
      "version": "1.9.0",
      "extraneous": true,
      "license": "MIT",
      "dependencies": {
        "@webassemblyjs/ast": "1.9.0",
        "@webassemblyjs/helper-buffer": "1.9.0",
        "@webassemblyjs/helper-wasm-bytecode": "1.9.0",
        "@webassemblyjs/wasm-gen": "1.9.0"
      }
    },
    "node_modules/@webassemblyjs/ieee754": {
      "version": "1.9.0",
      "extraneous": true,
      "license": "MIT",
      "dependencies": {
        "@xtuc/ieee754": "^1.2.0"
      }
    },
    "node_modules/@webassemblyjs/leb128": {
      "version": "1.9.0",
      "extraneous": true,
      "license": "MIT",
      "dependencies": {
        "@xtuc/long": "4.2.2"
      }
    },
    "node_modules/@webassemblyjs/utf8": {
      "version": "1.9.0",
      "extraneous": true,
      "license": "MIT"
    },
    "node_modules/@webassemblyjs/wasm-edit": {
      "version": "1.9.0",
      "extraneous": true,
      "license": "MIT",
      "dependencies": {
        "@webassemblyjs/ast": "1.9.0",
        "@webassemblyjs/helper-buffer": "1.9.0",
        "@webassemblyjs/helper-wasm-bytecode": "1.9.0",
        "@webassemblyjs/helper-wasm-section": "1.9.0",
        "@webassemblyjs/wasm-gen": "1.9.0",
        "@webassemblyjs/wasm-opt": "1.9.0",
        "@webassemblyjs/wasm-parser": "1.9.0",
        "@webassemblyjs/wast-printer": "1.9.0"
      }
    },
    "node_modules/@webassemblyjs/wasm-gen": {
      "version": "1.9.0",
      "extraneous": true,
      "license": "MIT",
      "dependencies": {
        "@webassemblyjs/ast": "1.9.0",
        "@webassemblyjs/helper-wasm-bytecode": "1.9.0",
        "@webassemblyjs/ieee754": "1.9.0",
        "@webassemblyjs/leb128": "1.9.0",
        "@webassemblyjs/utf8": "1.9.0"
      }
    },
    "node_modules/@webassemblyjs/wasm-opt": {
      "version": "1.9.0",
      "extraneous": true,
      "license": "MIT",
      "dependencies": {
        "@webassemblyjs/ast": "1.9.0",
        "@webassemblyjs/helper-buffer": "1.9.0",
        "@webassemblyjs/wasm-gen": "1.9.0",
        "@webassemblyjs/wasm-parser": "1.9.0"
      }
    },
    "node_modules/@webassemblyjs/wasm-parser": {
      "version": "1.9.0",
      "extraneous": true,
      "license": "MIT",
      "dependencies": {
        "@webassemblyjs/ast": "1.9.0",
        "@webassemblyjs/helper-api-error": "1.9.0",
        "@webassemblyjs/helper-wasm-bytecode": "1.9.0",
        "@webassemblyjs/ieee754": "1.9.0",
        "@webassemblyjs/leb128": "1.9.0",
        "@webassemblyjs/utf8": "1.9.0"
      }
    },
    "node_modules/@webassemblyjs/wast-parser": {
      "version": "1.9.0",
      "extraneous": true,
      "license": "MIT",
      "dependencies": {
        "@webassemblyjs/ast": "1.9.0",
        "@webassemblyjs/floating-point-hex-parser": "1.9.0",
        "@webassemblyjs/helper-api-error": "1.9.0",
        "@webassemblyjs/helper-code-frame": "1.9.0",
        "@webassemblyjs/helper-fsm": "1.9.0",
        "@xtuc/long": "4.2.2"
      }
    },
    "node_modules/@webassemblyjs/wast-printer": {
      "version": "1.9.0",
      "extraneous": true,
      "license": "MIT",
      "dependencies": {
        "@webassemblyjs/ast": "1.9.0",
        "@webassemblyjs/wast-parser": "1.9.0",
        "@xtuc/long": "4.2.2"
      }
    },
    "node_modules/@xtuc/ieee754": {
      "version": "1.2.0",
      "extraneous": true,
      "license": "BSD-3-Clause"
    },
    "node_modules/@xtuc/long": {
      "version": "4.2.2",
      "extraneous": true,
      "license": "Apache-2.0"
    },
    "node_modules/acorn": {
      "extraneous": true
    },
    "node_modules/ajv": {
      "extraneous": true
    },
    "node_modules/ajv-keywords": {
      "version": "3.5.2",
      "extraneous": true,
      "license": "MIT",
      "peerDependencies": {
        "ajv": "^6.9.1"
      }
    },
    "node_modules/browserslist": {
      "extraneous": true
    },
    "node_modules/buffer-from": {
      "version": "1.1.1",
      "extraneous": true,
      "license": "MIT"
    },
    "node_modules/caniuse-lite": {
      "extraneous": true
    },
    "node_modules/chrome-trace-event": {
      "version": "1.0.2",
      "extraneous": true,
      "license": "MIT",
      "dependencies": {
        "tslib": "^1.9.0"
      },
      "engines": {
        "node": ">=6.0"
      }
    },
    "node_modules/colorette": {
      "extraneous": true
    },
    "node_modules/commander": {
      "extraneous": true
    },
    "node_modules/electron-to-chromium": {
      "extraneous": true
    },
    "node_modules/enhanced-resolve": {
      "extraneous": true
    },
    "node_modules/escalade": {
      "extraneous": true
    },
    "node_modules/eslint-scope": {
      "extraneous": true
    },
    "node_modules/esrecurse": {
      "extraneous": true
    },
    "node_modules/esrecurse/node_modules/estraverse": {
      "extraneous": true
    },
    "node_modules/estraverse": {
      "version": "4.3.0",
      "extraneous": true,
      "license": "BSD-2-Clause",
      "engines": {
        "node": ">=4.0"
      }
    },
    "node_modules/events": {
      "extraneous": true
    },
    "node_modules/fast-deep-equal": {
      "extraneous": true
    },
    "node_modules/fast-json-stable-stringify": {
      "extraneous": true
    },
    "node_modules/find-up": {
      "version": "4.1.0",
      "extraneous": true,
      "license": "MIT",
      "dependencies": {
        "locate-path": "^5.0.0",
        "path-exists": "^4.0.0"
      },
      "engines": {
        "node": ">=8"
      }
    },
    "node_modules/glob-to-regexp": {
      "version": "0.4.1",
      "extraneous": true,
      "license": "BSD-2-Clause"
    },
    "node_modules/graceful-fs": {
      "extraneous": true
    },
    "node_modules/has-flag": {
      "version": "4.0.0",
      "extraneous": true,
      "license": "MIT",
      "engines": {
        "node": ">=8"
      }
    },
    "node_modules/jest-worker": {
      "extraneous": true
    },
    "node_modules/json-parse-better-errors": {
      "version": "1.0.2",
      "extraneous": true,
      "license": "MIT"
    },
    "node_modules/json-schema-traverse": {
      "version": "0.4.1",
      "extraneous": true,
      "license": "MIT"
    },
    "node_modules/loader-runner": {
      "extraneous": true
    },
    "node_modules/locate-path": {
      "version": "5.0.0",
      "extraneous": true,
      "license": "MIT",
      "dependencies": {
        "p-locate": "^4.1.0"
      },
      "engines": {
        "node": ">=8"
      }
    },
    "node_modules/merge-stream": {
      "version": "2.0.0",
      "extraneous": true,
      "license": "MIT"
    },
    "node_modules/mime-db": {
      "extraneous": true
    },
    "node_modules/mime-types": {
      "extraneous": true
    },
    "node_modules/neo-async": {
      "extraneous": true
    },
    "node_modules/node-releases": {
      "extraneous": true
    },
    "node_modules/p-limit": {
      "extraneous": true
    },
    "node_modules/p-locate": {
      "version": "4.1.0",
      "extraneous": true,
      "license": "MIT",
      "dependencies": {
        "p-limit": "^2.2.0"
      },
      "engines": {
        "node": ">=8"
      }
    },
    "node_modules/p-try": {
      "version": "2.2.0",
      "extraneous": true,
      "license": "MIT",
      "engines": {
        "node": ">=6"
      }
    },
    "node_modules/path-exists": {
      "version": "4.0.0",
      "extraneous": true,
      "license": "MIT",
      "engines": {
        "node": ">=8"
      }
    },
    "node_modules/pkg-dir": {
      "version": "4.2.0",
      "extraneous": true,
      "license": "MIT",
      "dependencies": {
        "find-up": "^4.0.0"
      },
      "engines": {
        "node": ">=8"
      }
    },
    "node_modules/punycode": {
      "version": "2.1.1",
      "extraneous": true,
      "license": "MIT",
      "engines": {
        "node": ">=6"
      }
    },
    "node_modules/randombytes": {
      "version": "2.1.0",
      "extraneous": true,
      "license": "MIT",
      "dependencies": {
        "safe-buffer": "^5.1.0"
      }
    },
    "node_modules/safe-buffer": {
      "extraneous": true
    },
    "node_modules/schema-utils": {
      "extraneous": true
    },
    "node_modules/serialize-javascript": {
      "extraneous": true
    },
    "node_modules/source-list-map": {
      "version": "2.0.1",
      "extraneous": true,
      "license": "MIT"
    },
    "node_modules/source-map": {
      "version": "0.6.1",
      "extraneous": true,
      "license": "BSD-3-Clause",
      "engines": {
        "node": ">=0.10.0"
      }
    },
    "node_modules/source-map-support": {
      "extraneous": true
    },
    "node_modules/supports-color": {
      "extraneous": true
    },
    "node_modules/tapable": {
      "extraneous": true
    },
    "node_modules/terser": {
      "extraneous": true
    },
    "node_modules/terser-webpack-plugin": {
      "extraneous": true
    },
    "node_modules/terser-webpack-plugin/node_modules/p-limit": {
      "extraneous": true
    },
    "node_modules/terser/node_modules/source-map": {
      "version": "0.7.3",
      "extraneous": true,
      "license": "BSD-3-Clause",
      "engines": {
        "node": ">= 8"
      }
    },
    "node_modules/tslib": {
      "extraneous": true
    },
    "node_modules/uri-js": {
      "extraneous": true
    },
    "node_modules/watchpack": {
      "extraneous": true
    },
    "node_modules/webpack": {
      "extraneous": true
    },
    "node_modules/webpack-sources": {
      "extraneous": true
    },
    "node_modules/yocto-queue": {
      "extraneous": true
    }
  },
  "dependencies": {
    "@types/eslint": {
      "extraneous": true
    },
    "@types/eslint-scope": {
      "extraneous": true
    },
    "@types/estree": {
      "extraneous": true
    },
    "@types/json-schema": {
      "extraneous": true
    },
    "@types/node": {
      "extraneous": true
    },
    "@webassemblyjs/ast": {
      "version": "1.9.0",
      "extraneous": true,
      "requires": {
        "@webassemblyjs/helper-module-context": "1.9.0",
        "@webassemblyjs/helper-wasm-bytecode": "1.9.0",
        "@webassemblyjs/wast-parser": "1.9.0"
      }
    },
    "@webassemblyjs/floating-point-hex-parser": {
      "version": "1.9.0",
      "extraneous": true
    },
    "@webassemblyjs/helper-api-error": {
      "version": "1.9.0",
      "extraneous": true
    },
    "@webassemblyjs/helper-buffer": {
      "version": "1.9.0",
      "extraneous": true
    },
    "@webassemblyjs/helper-code-frame": {
      "version": "1.9.0",
      "extraneous": true,
      "requires": {
        "@webassemblyjs/wast-printer": "1.9.0"
      }
    },
    "@webassemblyjs/helper-fsm": {
      "version": "1.9.0",
      "extraneous": true
    },
    "@webassemblyjs/helper-module-context": {
      "version": "1.9.0",
      "extraneous": true,
      "requires": {
        "@webassemblyjs/ast": "1.9.0"
      }
    },
    "@webassemblyjs/helper-wasm-bytecode": {
      "version": "1.9.0",
      "extraneous": true
    },
    "@webassemblyjs/helper-wasm-section": {
      "version": "1.9.0",
      "extraneous": true,
      "requires": {
        "@webassemblyjs/ast": "1.9.0",
        "@webassemblyjs/helper-buffer": "1.9.0",
        "@webassemblyjs/helper-wasm-bytecode": "1.9.0",
        "@webassemblyjs/wasm-gen": "1.9.0"
      }
    },
    "@webassemblyjs/ieee754": {
      "version": "1.9.0",
      "extraneous": true,
      "requires": {
        "@xtuc/ieee754": "^1.2.0"
      }
    },
    "@webassemblyjs/leb128": {
      "version": "1.9.0",
      "extraneous": true,
      "requires": {
        "@xtuc/long": "4.2.2"
      }
    },
    "@webassemblyjs/utf8": {
      "version": "1.9.0",
      "extraneous": true
    },
    "@webassemblyjs/wasm-edit": {
      "version": "1.9.0",
      "extraneous": true,
      "requires": {
        "@webassemblyjs/ast": "1.9.0",
        "@webassemblyjs/helper-buffer": "1.9.0",
        "@webassemblyjs/helper-wasm-bytecode": "1.9.0",
        "@webassemblyjs/helper-wasm-section": "1.9.0",
        "@webassemblyjs/wasm-gen": "1.9.0",
        "@webassemblyjs/wasm-opt": "1.9.0",
        "@webassemblyjs/wasm-parser": "1.9.0",
        "@webassemblyjs/wast-printer": "1.9.0"
      }
    },
    "@webassemblyjs/wasm-gen": {
      "version": "1.9.0",
      "extraneous": true,
      "requires": {
        "@webassemblyjs/ast": "1.9.0",
        "@webassemblyjs/helper-wasm-bytecode": "1.9.0",
        "@webassemblyjs/ieee754": "1.9.0",
        "@webassemblyjs/leb128": "1.9.0",
        "@webassemblyjs/utf8": "1.9.0"
      }
    },
    "@webassemblyjs/wasm-opt": {
      "version": "1.9.0",
      "extraneous": true,
      "requires": {
        "@webassemblyjs/ast": "1.9.0",
        "@webassemblyjs/helper-buffer": "1.9.0",
        "@webassemblyjs/wasm-gen": "1.9.0",
        "@webassemblyjs/wasm-parser": "1.9.0"
      }
    },
    "@webassemblyjs/wasm-parser": {
      "version": "1.9.0",
      "extraneous": true,
      "requires": {
        "@webassemblyjs/ast": "1.9.0",
        "@webassemblyjs/helper-api-error": "1.9.0",
        "@webassemblyjs/helper-wasm-bytecode": "1.9.0",
        "@webassemblyjs/ieee754": "1.9.0",
        "@webassemblyjs/leb128": "1.9.0",
        "@webassemblyjs/utf8": "1.9.0"
      }
    },
    "@webassemblyjs/wast-parser": {
      "version": "1.9.0",
      "extraneous": true,
      "requires": {
        "@webassemblyjs/ast": "1.9.0",
        "@webassemblyjs/floating-point-hex-parser": "1.9.0",
        "@webassemblyjs/helper-api-error": "1.9.0",
        "@webassemblyjs/helper-code-frame": "1.9.0",
        "@webassemblyjs/helper-fsm": "1.9.0",
        "@xtuc/long": "4.2.2"
      }
    },
    "@webassemblyjs/wast-printer": {
      "version": "1.9.0",
      "extraneous": true,
      "requires": {
        "@webassemblyjs/ast": "1.9.0",
        "@webassemblyjs/wast-parser": "1.9.0",
        "@xtuc/long": "4.2.2"
      }
    },
    "@xtuc/ieee754": {
      "version": "1.2.0",
      "extraneous": true
    },
    "@xtuc/long": {
      "version": "4.2.2",
      "extraneous": true
    },
    "acorn": {
      "extraneous": true
    },
    "ajv": {
      "extraneous": true
    },
    "ajv-keywords": {
      "version": "3.5.2",
      "extraneous": true,
      "requires": {}
    },
    "browserslist": {
      "extraneous": true
    },
    "buffer-from": {
      "version": "1.1.1",
      "extraneous": true
    },
    "caniuse-lite": {
      "extraneous": true
    },
    "chrome-trace-event": {
      "version": "1.0.2",
      "extraneous": true,
      "requires": {
        "tslib": "^1.9.0"
      }
    },
    "colorette": {
      "extraneous": true
    },
    "commander": {
      "extraneous": true
    },
    "electron-to-chromium": {
      "extraneous": true
    },
    "enhanced-resolve": {
      "extraneous": true
    },
    "escalade": {
      "extraneous": true
    },
    "eslint-scope": {
      "extraneous": true
    },
    "esrecurse": {
      "extraneous": true,
      "dependencies": {
        "estraverse": {
          "extraneous": true
        }
      }
    },
    "estraverse": {
      "version": "4.3.0",
      "extraneous": true
    },
    "events": {
      "extraneous": true
    },
    "fast-deep-equal": {
      "extraneous": true
    },
    "fast-json-stable-stringify": {
      "extraneous": true
    },
    "find-up": {
      "version": "4.1.0",
      "extraneous": true,
      "requires": {
        "locate-path": "^5.0.0",
        "path-exists": "^4.0.0"
      }
    },
    "glob-to-regexp": {
      "version": "0.4.1",
      "extraneous": true
    },
    "graceful-fs": {
      "extraneous": true
    },
    "has-flag": {
      "version": "4.0.0",
      "extraneous": true
    },
    "jest-worker": {
      "extraneous": true
    },
    "json-parse-better-errors": {
      "version": "1.0.2",
      "extraneous": true
    },
    "json-schema-traverse": {
      "version": "0.4.1",
      "extraneous": true
    },
    "loader-runner": {
      "extraneous": true
    },
    "locate-path": {
      "version": "5.0.0",
      "extraneous": true,
      "requires": {
        "p-locate": "^4.1.0"
      }
    },
    "merge-stream": {
      "version": "2.0.0",
      "extraneous": true
    },
    "mime-db": {
      "extraneous": true
    },
    "mime-types": {
      "extraneous": true
    },
    "neo-async": {
      "extraneous": true
    },
    "node-releases": {
      "extraneous": true
    },
    "p-limit": {
      "extraneous": true
    },
    "p-locate": {
      "version": "4.1.0",
      "extraneous": true,
      "requires": {
        "p-limit": "^2.2.0"
      }
    },
    "p-try": {
      "version": "2.2.0",
      "extraneous": true
    },
    "path-exists": {
      "version": "4.0.0",
      "extraneous": true
    },
    "pkg-dir": {
      "version": "4.2.0",
      "extraneous": true,
      "requires": {
        "find-up": "^4.0.0"
      }
    },
    "punycode": {
      "version": "2.1.1",
      "extraneous": true
    },
    "randombytes": {
      "version": "2.1.0",
      "extraneous": true,
      "requires": {
        "safe-buffer": "^5.1.0"
      }
    },
    "safe-buffer": {
      "extraneous": true
    },
    "schema-utils": {
      "extraneous": true
    },
    "serialize-javascript": {
      "extraneous": true
    },
    "source-list-map": {
      "version": "2.0.1",
      "extraneous": true
    },
    "source-map": {
      "version": "0.6.1",
      "extraneous": true
    },
    "source-map-support": {
      "extraneous": true
    },
    "supports-color": {
      "extraneous": true
    },
    "tapable": {
      "extraneous": true
    },
    "terser": {
      "extraneous": true,
      "dependencies": {
        "source-map": {
          "version": "0.7.3",
          "extraneous": true
        }
      }
    },
    "terser-webpack-plugin": {
      "extraneous": true,
      "dependencies": {
        "p-limit": {
          "extraneous": true
        }
      }
    },
    "tslib": {
      "extraneous": true
    },
    "uri-js": {
      "extraneous": true
    },
    "watchpack": {
      "extraneous": true
    },
    "webpack": {
      "extraneous": true
    },
    "webpack-sources": {
      "extraneous": true
    },
    "yocto-queue": {
      "extraneous": true
    }
  }
}
